
Microsoft Visual Studio Solution File, Format Version 12.00
# Visual Studio Version 16
VisualStudioVersion = 16.0.29411.108
MinimumVisualStudioVersion = 10.0.40219.1
Project("{9A19103F-16F7-4668-BE54-9A1E7A4F7556}") = "Notes", "Notes\Notes.csproj", "{408B9AE3-9B41-4987-81B4-A6C7963B52F6}"
EndProject
Global
	GlobalSection(SolutionConfigurationPlatforms) = preSolution
		Debug|Any CPU = Debug|Any CPU
		Release|Any CPU = Release|Any CPU
	EndGlobalSection
	GlobalSection(ProjectConfigurationPlatforms) = postSolution
		{408B9AE3-9B41-4987-81B4-A6C7963B52F6}.Debug|Any CPU.ActiveCfg = Debug|Any CPU
		{408B9AE3-9B41-4987-81B4-A6C7963B52F6}.Debug|Any CPU.Build.0 = Debug|Any CPU
		{408B9AE3-9B41-4987-81B4-A6C7963B52F6}.Release|Any CPU.ActiveCfg = Release|Any CPU
		{408B9AE3-9B41-4987-81B4-A6C7963B52F6}.Release|Any CPU.Build.0 = Release|Any CPU
	EndGlobalSection
	GlobalSection(SolutionProperties) = preSolution
		HideSolutionNode = FALSE
	EndGlobalSection
	GlobalSection(ExtensibilityGlobals) = postSolution
		SolutionGuid = {3ABDBE16-3C63-43B9-B56F-B9963BBBE82E}
	EndGlobalSection
EndGlobal
